
Microsoft Visual Studio Solution File, Format Version 12.00
# Visual Studio Version 16
VisualStudioVersion = 25.0.1705.0
MinimumVisualStudioVersion = 10.0.40219.1
Project("{FAE04EC0-301F-11D3-BF4B-00C04F79EFBC}") = "Fiorello", "Fiorello\Fiorello.csproj", "{CC869C16-59DA-4429-93BA-19B94EDD971C}"
EndProject
Global
	GlobalSection(SolutionConfigurationPlatforms) = preSolution
		Debug|Any CPU = Debug|Any CPU
		Release|Any CPU = Release|Any CPU
	EndGlobalSection
	GlobalSection(ProjectConfigurationPlatforms) = postSolution
		{CC869C16-59DA-4429-93BA-19B94EDD971C}.Debug|Any CPU.ActiveCfg = Debug|Any CPU
		{CC869C16-59DA-4429-93BA-19B94EDD971C}.Debug|Any CPU.Build.0 = Debug|Any CPU
		{CC869C16-59DA-4429-93BA-19B94EDD971C}.Release|Any CPU.ActiveCfg = Release|Any CPU
		{CC869C16-59DA-4429-93BA-19B94EDD971C}.Release|Any CPU.Build.0 = Release|Any CPU
	EndGlobalSection
	GlobalSection(SolutionProperties) = preSolution
		HideSolutionNode = FALSE
	EndGlobalSection
	GlobalSection(ExtensibilityGlobals) = postSolution
		SolutionGuid = {D715E2F6-0A49-4364-A6E8-D2D0F4A908D7}
	EndGlobalSection
EndGlobal
